
Microsoft Visual Studio Solution File, Format Version 12.00
# Visual Studio Version 17
VisualStudioVersion = 17.13.35818.85 d17.13
MinimumVisualStudioVersion = 10.0.40219.1
Project("{FAE04EC0-301F-11D3-BF4B-00C04F79EFBC}") = "CalcMatrix", "CalcMatrix\CalcMatrix.csproj", "{E97A9332-0570-4B4D-8D1E-096323284E9B}"
EndProject
Global
	GlobalSection(SolutionConfigurationPlatforms) = preSolution
		Debug|Any CPU = Debug|Any CPU
		Release|Any CPU = Release|Any CPU
	EndGlobalSection
	GlobalSection(ProjectConfigurationPlatforms) = postSolution
		{E97A9332-0570-4B4D-8D1E-096323284E9B}.Debug|Any CPU.ActiveCfg = Debug|Any CPU
		{E97A9332-0570-4B4D-8D1E-096323284E9B}.Debug|Any CPU.Build.0 = Debug|Any CPU
		{E97A9332-0570-4B4D-8D1E-096323284E9B}.Release|Any CPU.ActiveCfg = Release|Any CPU
		{E97A9332-0570-4B4D-8D1E-096323284E9B}.Release|Any CPU.Build.0 = Release|Any CPU
	EndGlobalSection
	GlobalSection(SolutionProperties) = preSolution
		HideSolutionNode = FALSE
	EndGlobalSection
	GlobalSection(ExtensibilityGlobals) = postSolution
		SolutionGuid = {4F87056D-6104-4A30-97F3-32FC81C36914}
	EndGlobalSection
EndGlobal
